<?xml version="1.0" encoding="utf-8"?>
<Project ToolsVersion="4.0" xmlns="http://schemas.microsoft.com/developer/msbuild/2003">
  <ItemGroup>
    <ClCompile Include="agua.cpp" />
    <ClCompile Include="ente.cpp" />
    <ClCompile Include="entidade.cpp" />
    <ClCompile Include="espinho.cpp" />
    <ClCompile Include="fase.cpp" />
    <ClCompile Include="graphics.cpp" />
    <ClCompile Include="inimigo.cpp" />
    <ClCompile Include="jogador.cpp" />
    <ClCompile Include="jogo.cpp" />
    <ClCompile Include="ListaEntidades.cpp" />
    <ClCompile Include="main.cpp" />
    <ClCompile Include="obstaculo.cpp" />
    <ClCompile Include="personagem.cpp" />
    <ClCompile Include="plataforma.cpp" />
    <ClCompile Include="fundo.cpp" />
    <ClCompile Include="abelha.cpp" />
    <ClCompile Include="cacador.cpp" />
    <ClCompile Include="explorador.cpp" />
    <ClCompile Include="javali.cpp" />
    <ClCompile Include="florestaverde.cpp" />
    <ClCompile Include="colisao.cpp" />
    <ClCompile Include="florestavermelha.cpp" />
    <ClCompile Include="caracol.cpp" />
  </ItemGroup>
  <ItemGroup>
    <ClInclude Include="agua.h" />
    <ClInclude Include="coords.h" />
    <ClInclude Include="Elemento.h" />
    <ClInclude Include="ente.h" />
    <ClInclude Include="entidade.h" />
    <ClInclude Include="espinho.h" />
    <ClInclude Include="fase.h" />
    <ClInclude Include="graphics.h" />
    <ClInclude Include="inimigo.h" />
    <ClInclude Include="jogador.h" />
    <ClInclude Include="jogo.h" />
    <ClInclude Include="Lista.h" />
    <ClInclude Include="ListaEntidades.h" />
    <ClInclude Include="obstaculo.h" />
    <ClInclude Include="personagem.h" />
    <ClInclude Include="plataforma.h" />
    <ClInclude Include="fundo.h" />
    <ClInclude Include="abelhas.h" />
    <ClInclude Include="cacador.h" />
    <ClInclude Include="explorador.h" />
    <ClInclude Include="javali.h" />
    <ClInclude Include="florestaverde.h" />
    <ClInclude Include="colisao.h" />
    <ClInclude Include="florestavermelha.h" />
    <ClInclude Include="caracol.h" />
  </ItemGroup>
</Project>